Microsoft Visual Studio Solution File, Format Version 12.00
# Visual Studio Version 17
VisualStudioVersion = 17.5.2.0
MinimumVisualStudioVersion = 10.0.40219.1
Project("{FAE04EC0-301F-11D3-BF4B-00C04F79EFBC}") = "GradeAnalysisSystem", "GradeAnalysisSystem.csproj", "{13F97A06-1F55-6A83-8595-6CA56302D23B}"
EndProject
Global
	GlobalSection(SolutionConfigurationPlatforms) = preSolution
		Debug|Any CPU = Debug|Any CPU
		Release|Any CPU = Release|Any CPU
	EndGlobalSection
	GlobalSection(ProjectConfigurationPlatforms) = postSolution
		{13F97A06-1F55-6A83-8595-6CA56302D23B}.Debug|Any CPU.ActiveCfg = Debug|Any CPU
		{13F97A06-1F55-6A83-8595-6CA56302D23B}.Debug|Any CPU.Build.0 = Debug|Any CPU
		{13F97A06-1F55-6A83-8595-6CA56302D23B}.Release|Any CPU.ActiveCfg = Release|Any CPU
		{13F97A06-1F55-6A83-8595-6CA56302D23B}.Release|Any CPU.Build.0 = Release|Any CPU
	EndGlobalSection
	GlobalSection(SolutionProperties) = preSolution
		HideSolutionNode = FALSE
	EndGlobalSection
	GlobalSection(ExtensibilityGlobals) = postSolution
		SolutionGuid = {B8A0F4EC-A8D9-467D-87A9-8131F4730C36}
	EndGlobalSection
EndGlobal
